{
  "name": "ant-design-x-conversation-worker",
  "version": "1.0.0",
  "lockfileVersion": 3,
  "requires": true,
  "packages": {
    "": {
      "name": "ant-design-x-conversation-worker",
      "version": "1.0.0",
      "dependencies": {
        "hono": "^4.7.4"
      },
      "devDependencies": {
        "@cloudflare/workers-types": "^4.20250317.0",
        "typescript": "^5.8.2"
      }
    },
    "node_modules/@cloudflare/workers-types": {
      "version": "4.20260623.1",
      "resolved": "https://registry.npmjs.org/@cloudflare/workers-types/-/workers-types-4.20260623.1.tgz",
      "integrity": "sha512-J/0POl0HeLepbwDE5Yx5c7jQrHFkvCEFu3TS+TQsDDlg/vTs5og7wdGP6eNGXOAntgWUrjcvvKTmVLTP7OrnAg==",
      "dev": true,
      "license": "MIT OR Apache-2.0"
    },
    "node_modules/hono": {
      "version": "4.12.27",
      "resolved": "https://registry.npmjs.org/hono/-/hono-4.12.27.tgz",
      "integrity": "sha512-1yrb/+w6HWQJrUCLkJ2IF5jNIPvvFkblV5RNOYl6bV+OA6p9GLcMpHFFGTosSvHvcAUibuUukRqhlYI4z32C7Q==",
      "license": "MIT",
      "engines": {
        "node": ">=16.9.0"
      }
    },
    "node_modules/typescript": {
      "version": "5.9.3",
      "resolved": "https://registry.npmjs.org/typescript/-/typescript-5.9.3.tgz",
      "integrity": "sha512-jl1vZzPDinLr9eUt3J/t7V6FgNEw9QjvBPdysz9KfQDD41fQrC2Y4vKQdiaUpFT4bXlb1RHhLpp8wtm6M5TgSw==",
      "dev": true,
      "license": "Apache-2.0",
      "bin": {
        "tsc": "bin/tsc",
        "tsserver": "bin/tsserver"
      },
      "engines": {
        "node": ">=14.17"
      }
    }
  }
}
